
Microsoft Visual Studio Solution File, Format Version 12.00
# Visual Studio Version 17
VisualStudioVersion = 17.8.34316.72
MinimumVisualStudioVersion = 10.0.40219.1
Project("{9A19103F-16F7-4668-BE54-9A1E7A4F7556}") = "Middleware.Lesson", "Middleware.Lesson\Middleware.Lesson.csproj", "{306CD0CF-DFE1-4CE5-91CA-09219FEF6A56}"
EndProject
Project("{FAE04EC0-301F-11D3-BF4B-00C04F79EFBC}") = "MyFakeClient", "MyFakeClient\MyFakeClient.csproj", "{33C03A4A-32EB-4CF0-B08B-8E96CA6FCF37}"
EndProject
Global
	GlobalSection(SolutionConfigurationPlatforms) = preSolution
		Debug|Any CPU = Debug|Any CPU
		Release|Any CPU = Release|Any CPU
	EndGlobalSection
	GlobalSection(ProjectConfigurationPlatforms) = postSolution
		{306CD0CF-DFE1-4CE5-91CA-09219FEF6A56}.Debug|Any CPU.ActiveCfg = Debug|Any CPU
		{306CD0CF-DFE1-4CE5-91CA-09219FEF6A56}.Debug|Any CPU.Build.0 = Debug|Any CPU
		{306CD0CF-DFE1-4CE5-91CA-09219FEF6A56}.Release|Any CPU.ActiveCfg = Release|Any CPU
		{306CD0CF-DFE1-4CE5-91CA-09219FEF6A56}.Release|Any CPU.Build.0 = Release|Any CPU
		{33C03A4A-32EB-4CF0-B08B-8E96CA6FCF37}.Debug|Any CPU.ActiveCfg = Debug|Any CPU
		{33C03A4A-32EB-4CF0-B08B-8E96CA6FCF37}.Debug|Any CPU.Build.0 = Debug|Any CPU
		{33C03A4A-32EB-4CF0-B08B-8E96CA6FCF37}.Release|Any CPU.ActiveCfg = Release|Any CPU
		{33C03A4A-32EB-4CF0-B08B-8E96CA6FCF37}.Release|Any CPU.Build.0 = Release|Any CPU
	EndGlobalSection
	GlobalSection(SolutionProperties) = preSolution
		HideSolutionNode = FALSE
	EndGlobalSection
	GlobalSection(ExtensibilityGlobals) = postSolution
		SolutionGuid = {1D89C71B-C5AF-484D-BAB8-86EF07241D8E}
	EndGlobalSection
EndGlobal
